
Microsoft Visual Studio Solution File, Format Version 12.00
# Visual Studio Version 16
VisualStudioVersion = 25.0.1700.0
MinimumVisualStudioVersion = 10.0.40219.1
Project("{FAE04EC0-301F-11D3-BF4B-00C04F79EFBC}") = "CascadeBrewingCo", "CascadeBrewingCo.csproj", "{22F70CBF-5FE9-4FE4-A3BD-B9C7F73D07F7}"
EndProject
Global
	GlobalSection(SolutionConfigurationPlatforms) = preSolution
		Debug|Any CPU = Debug|Any CPU
		Release|Any CPU = Release|Any CPU
	EndGlobalSection
	GlobalSection(ProjectConfigurationPlatforms) = postSolution
		{22F70CBF-5FE9-4FE4-A3BD-B9C7F73D07F7}.Debug|Any CPU.ActiveCfg = Debug|Any CPU
		{22F70CBF-5FE9-4FE4-A3BD-B9C7F73D07F7}.Debug|Any CPU.Build.0 = Debug|Any CPU
		{22F70CBF-5FE9-4FE4-A3BD-B9C7F73D07F7}.Release|Any CPU.ActiveCfg = Release|Any CPU
		{22F70CBF-5FE9-4FE4-A3BD-B9C7F73D07F7}.Release|Any CPU.Build.0 = Release|Any CPU
	EndGlobalSection
	GlobalSection(SolutionProperties) = preSolution
		HideSolutionNode = FALSE
	EndGlobalSection
	GlobalSection(ExtensibilityGlobals) = postSolution
		SolutionGuid = {7ADAE4F4-DA2A-416C-A6D4-31125FBBF98A}
	EndGlobalSection
EndGlobal
